
Microsoft Visual Studio Solution File, Format Version 12.00
# Visual Studio Version 17
VisualStudioVersion = 17.10.35122.118
MinimumVisualStudioVersion = 10.0.40219.1
Project("{FAE04EC0-301F-11D3-BF4B-00C04F79EFBC}") = "Nexus", "Nexus\Nexus.csproj", "{1DE2E9A6-1410-411F-BB8B-3EFEC4D19BC1}"
EndProject
Global
	GlobalSection(SolutionConfigurationPlatforms) = preSolution
		Debug|Any CPU = Debug|Any CPU
		Release|Any CPU = Release|Any CPU
	EndGlobalSection
	GlobalSection(ProjectConfigurationPlatforms) = postSolution
		{1DE2E9A6-1410-411F-BB8B-3EFEC4D19BC1}.Debug|Any CPU.ActiveCfg = Debug|Any CPU
		{1DE2E9A6-1410-411F-BB8B-3EFEC4D19BC1}.Debug|Any CPU.Build.0 = Debug|Any CPU
		{1DE2E9A6-1410-411F-BB8B-3EFEC4D19BC1}.Release|Any CPU.ActiveCfg = Release|Any CPU
		{1DE2E9A6-1410-411F-BB8B-3EFEC4D19BC1}.Release|Any CPU.Build.0 = Release|Any CPU
	EndGlobalSection
	GlobalSection(SolutionProperties) = preSolution
		HideSolutionNode = FALSE
	EndGlobalSection
	GlobalSection(ExtensibilityGlobals) = postSolution
		SolutionGuid = {8E8FA05F-8587-437A-8235-A4DCF768499A}
	EndGlobalSection
EndGlobal
